
Microsoft Visual Studio Solution File, Format Version 12.00
# Visual Studio Version 17
VisualStudioVersion = 17.5.33414.496
MinimumVisualStudioVersion = 10.0.40219.1
Project("{FAE04EC0-301F-11D3-BF4B-00C04F79EFBC}") = "Exercicio_Conversao_Graus_pra_Farenheit", "Exercicio_Conversao_Graus_pra_Farenheit\Exercicio_Conversao_Graus_pra_Farenheit.csproj", "{14256F27-CE5D-439F-8FF7-FCE75E35F989}"
EndProject
Global
	GlobalSection(SolutionConfigurationPlatforms) = preSolution
		Debug|Any CPU = Debug|Any CPU
		Release|Any CPU = Release|Any CPU
	EndGlobalSection
	GlobalSection(ProjectConfigurationPlatforms) = postSolution
		{14256F27-CE5D-439F-8FF7-FCE75E35F989}.Debug|Any CPU.ActiveCfg = Debug|Any CPU
		{14256F27-CE5D-439F-8FF7-FCE75E35F989}.Debug|Any CPU.Build.0 = Debug|Any CPU
		{14256F27-CE5D-439F-8FF7-FCE75E35F989}.Release|Any CPU.ActiveCfg = Release|Any CPU
		{14256F27-CE5D-439F-8FF7-FCE75E35F989}.Release|Any CPU.Build.0 = Release|Any CPU
	EndGlobalSection
	GlobalSection(SolutionProperties) = preSolution
		HideSolutionNode = FALSE
	EndGlobalSection
	GlobalSection(ExtensibilityGlobals) = postSolution
		SolutionGuid = {31135B08-6F1C-4186-BA8D-5BF8D2E0D2ED}
	EndGlobalSection
EndGlobal
